
Microsoft Visual Studio Solution File, Format Version 12.00
# Visual Studio Version 16
VisualStudioVersion = 16.0.29728.190
MinimumVisualStudioVersion = 10.0.40219.1
Project("{FAE04EC0-301F-11D3-BF4B-00C04F79EFBC}") = "GraphIsomorphism", "GraphIsomorphism.csproj", "{05DAE389-460A-4CF0-B3EF-2AF6DF60DEC4}"
EndProject
Global
	GlobalSection(SolutionConfigurationPlatforms) = preSolution
		Debug|Any CPU = Debug|Any CPU
		Release|Any CPU = Release|Any CPU
	EndGlobalSection
	GlobalSection(ProjectConfigurationPlatforms) = postSolution
		{05DAE389-460A-4CF0-B3EF-2AF6DF60DEC4}.Debug|Any CPU.ActiveCfg = Debug|Any CPU
		{05DAE389-460A-4CF0-B3EF-2AF6DF60DEC4}.Debug|Any CPU.Build.0 = Debug|Any CPU
		{05DAE389-460A-4CF0-B3EF-2AF6DF60DEC4}.Release|Any CPU.ActiveCfg = Release|Any CPU
		{05DAE389-460A-4CF0-B3EF-2AF6DF60DEC4}.Release|Any CPU.Build.0 = Release|Any CPU
	EndGlobalSection
	GlobalSection(SolutionProperties) = preSolution
		HideSolutionNode = FALSE
	EndGlobalSection
	GlobalSection(ExtensibilityGlobals) = postSolution
		SolutionGuid = {84EA79A5-6844-4103-9672-0837EBD4C306}
	EndGlobalSection
EndGlobal
